
Microsoft Visual Studio Solution File, Format Version 12.00
# Visual Studio Version 16
VisualStudioVersion = 16.0.31729.503
MinimumVisualStudioVersion = 10.0.40219.1
Project("{FAE04EC0-301F-11D3-BF4B-00C04F79EFBC}") = "QLQA", "QLQA\QLQA.csproj", "{821A002B-A443-455B-A5B1-226762FB1BCD}"
EndProject
Global
	GlobalSection(SolutionConfigurationPlatforms) = preSolution
		Debug|Any CPU = Debug|Any CPU
		Release|Any CPU = Release|Any CPU
	EndGlobalSection
	GlobalSection(ProjectConfigurationPlatforms) = postSolution
		{821A002B-A443-455B-A5B1-226762FB1BCD}.Debug|Any CPU.ActiveCfg = Debug|Any CPU
		{821A002B-A443-455B-A5B1-226762FB1BCD}.Debug|Any CPU.Build.0 = Debug|Any CPU
		{821A002B-A443-455B-A5B1-226762FB1BCD}.Release|Any CPU.ActiveCfg = Release|Any CPU
		{821A002B-A443-455B-A5B1-226762FB1BCD}.Release|Any CPU.Build.0 = Release|Any CPU
	EndGlobalSection
	GlobalSection(SolutionProperties) = preSolution
		HideSolutionNode = FALSE
	EndGlobalSection
	GlobalSection(ExtensibilityGlobals) = postSolution
		SolutionGuid = {1DCBE366-7223-41E4-BC12-779942F846B9}
	EndGlobalSection
EndGlobal
